
Microsoft Visual Studio Solution File, Format Version 12.00
# Visual Studio Version 17
VisualStudioVersion = 17.4.33205.214
MinimumVisualStudioVersion = 10.0.40219.1
Project("{FAE04EC0-301F-11D3-BF4B-00C04F79EFBC}") = "WinFormsApp3", "WinFormsApp3\WinFormsApp3.csproj", "{4A4A7F72-F8C8-42EC-8663-7CA5624D051A}"
EndProject
Global
	GlobalSection(SolutionConfigurationPlatforms) = preSolution
		Debug|Any CPU = Debug|Any CPU
		Release|Any CPU = Release|Any CPU
	EndGlobalSection
	GlobalSection(ProjectConfigurationPlatforms) = postSolution
		{4A4A7F72-F8C8-42EC-8663-7CA5624D051A}.Debug|Any CPU.ActiveCfg = Debug|Any CPU
		{4A4A7F72-F8C8-42EC-8663-7CA5624D051A}.Debug|Any CPU.Build.0 = Debug|Any CPU
		{4A4A7F72-F8C8-42EC-8663-7CA5624D051A}.Release|Any CPU.ActiveCfg = Release|Any CPU
		{4A4A7F72-F8C8-42EC-8663-7CA5624D051A}.Release|Any CPU.Build.0 = Release|Any CPU
	EndGlobalSection
	GlobalSection(SolutionProperties) = preSolution
		HideSolutionNode = FALSE
	EndGlobalSection
	GlobalSection(ExtensibilityGlobals) = postSolution
		SolutionGuid = {450674CD-DFFF-4D24-ADD0-15DD8D96C4B9}
	EndGlobalSection
EndGlobal
